
Microsoft Visual Studio Solution File, Format Version 12.00
Project("{FAE04EC0-301F-11D3-BF4B-00C04F79EFBC}") = "Week1", "Week1\Week1.csproj", "{77E75277-F75F-49EC-BB23-7EAF43C3B62F}"
EndProject
Global
	GlobalSection(SolutionConfigurationPlatforms) = preSolution
		Debug|Any CPU = Debug|Any CPU
		Release|Any CPU = Release|Any CPU
	EndGlobalSection
	GlobalSection(ProjectConfigurationPlatforms) = postSolution
		{77E75277-F75F-49EC-BB23-7EAF43C3B62F}.Debug|Any CPU.ActiveCfg = Debug|Any CPU
		{77E75277-F75F-49EC-BB23-7EAF43C3B62F}.Debug|Any CPU.Build.0 = Debug|Any CPU
		{77E75277-F75F-49EC-BB23-7EAF43C3B62F}.Release|Any CPU.ActiveCfg = Release|Any CPU
		{77E75277-F75F-49EC-BB23-7EAF43C3B62F}.Release|Any CPU.Build.0 = Release|Any CPU
	EndGlobalSection
EndGlobal
